
Microsoft Visual Studio Solution File, Format Version 12.00
# Visual Studio Version 17
VisualStudioVersion = 17.2.32505.173
MinimumVisualStudioVersion = 10.0.40219.1
Project("{FAE04EC0-301F-11D3-BF4B-00C04F79EFBC}") = "Wizard Control", "Wizard Control\Wizard Control.csproj", "{8D1855D8-4C93-4160-9F58-7BACD51D22FF}"
EndProject
Global
	GlobalSection(SolutionConfigurationPlatforms) = preSolution
		Debug|Any CPU = Debug|Any CPU
		Release|Any CPU = Release|Any CPU
	EndGlobalSection
	GlobalSection(ProjectConfigurationPlatforms) = postSolution
		{8D1855D8-4C93-4160-9F58-7BACD51D22FF}.Debug|Any CPU.ActiveCfg = Debug|Any CPU
		{8D1855D8-4C93-4160-9F58-7BACD51D22FF}.Debug|Any CPU.Build.0 = Debug|Any CPU
		{8D1855D8-4C93-4160-9F58-7BACD51D22FF}.Release|Any CPU.ActiveCfg = Release|Any CPU
		{8D1855D8-4C93-4160-9F58-7BACD51D22FF}.Release|Any CPU.Build.0 = Release|Any CPU
	EndGlobalSection
	GlobalSection(SolutionProperties) = preSolution
		HideSolutionNode = FALSE
	EndGlobalSection
	GlobalSection(ExtensibilityGlobals) = postSolution
		SolutionGuid = {8A5E89A5-7F7D-4C77-AF5B-916835EC43F1}
	EndGlobalSection
EndGlobal
